
Microsoft Visual Studio Solution File, Format Version 12.00
# Visual Studio 15
VisualStudioVersion = 15.0.27703.2000
MinimumVisualStudioVersion = 10.0.40219.1
Project("{2150E333-8FDC-42A3-9474-1A3956D46DE8}") = "1创建型", "1创建型", "{482C8495-9CBE-45F6-AE94-382658051E5B}"
EndProject
Project("{2150E333-8FDC-42A3-9474-1A3956D46DE8}") = "1.简单工厂模式", "1.简单工厂模式", "{FE07D225-4D37-44AE-9EAB-03C9C4C6C1E4}"
EndProject
Project("{2150E333-8FDC-42A3-9474-1A3956D46DE8}") = "2.工厂方法模式", "2.工厂方法模式", "{D17A7F74-DBC9-4F4C-8BEA-DA50571F39AC}"
EndProject
Project("{2150E333-8FDC-42A3-9474-1A3956D46DE8}") = "3行为型", "3行为型", "{07829898-6E27-4126-A8F9-5A08682E568E}"
EndProject
Project("{2150E333-8FDC-42A3-9474-1A3956D46DE8}") = "2结构型", "2结构型", "{5504199A-6EDD-4676-8FB4-2F97312DCDC0}"
EndProject
Project("{2150E333-8FDC-42A3-9474-1A3956D46DE8}") = "3.抽象工厂模式", "3.抽象工厂模式", "{CD326E5A-310D-42BD-88F5-05E0D80B4145}"
EndProject
Project("{2150E333-8FDC-42A3-9474-1A3956D46DE8}") = "4.建造者模式", "4.建造者模式", "{5C0FFC13-1171-4F71-8BF5-E93675AA1F01}"
EndProject
Project("{2150E333-8FDC-42A3-9474-1A3956D46DE8}") = "5.原型模式", "5.原型模式", "{CEA04251-972D-45C4-B29D-618F504A952D}"
EndProject
Project("{2150E333-8FDC-42A3-9474-1A3956D46DE8}") = "6.单例模式", "6.单例模式", "{539B0253-C895-470B-B4E2-853F4C59BDD0}"
EndProject
Project("{9A19103F-16F7-4668-BE54-9A1E7A4F7556}") = "SimpleFactory", "1创建型\SimpleFactory\SimpleFactory.csproj", "{B0EEEDC6-4B06-4908-9241-15C965ABC67C}"
EndProject
Project("{9A19103F-16F7-4668-BE54-9A1E7A4F7556}") = "FactoryMethod", "1创建型\FactoryMethod\FactoryMethod.csproj", "{DDADDFBA-3442-4C86-85D7-7EC35DCAE9B1}"
EndProject
Project("{9A19103F-16F7-4668-BE54-9A1E7A4F7556}") = "AbstractFactory", "1创建型\AbstractFactory\AbstractFactory.csproj", "{5FA03B7D-F2F2-4589-A8B6-B4D389B61CEF}"
EndProject
Project("{2150E333-8FDC-42A3-9474-1A3956D46DE8}") = "1.适配器模式", "1.适配器模式", "{C5336A52-095F-43A0-9AC2-FEA8BE0A44C9}"
EndProject
Project("{9A19103F-16F7-4668-BE54-9A1E7A4F7556}") = "AdapterPattern", "2结构型\AdapterPattern\AdapterPattern.csproj", "{382DA67B-848B-47E8-BB7E-E8210BFC59A5}"
EndProject
Project("{2150E333-8FDC-42A3-9474-1A3956D46DE8}") = "2.桥接模式", "2.桥接模式", "{8B1B5438-E705-4BB3-8819-AF4A6DF793A8}"
EndProject
Project("{2150E333-8FDC-42A3-9474-1A3956D46DE8}") = "3.装饰模式", "3.装饰模式", "{BD0F0666-5D8D-4683-A442-8D29E76807C4}"
EndProject
Project("{2150E333-8FDC-42A3-9474-1A3956D46DE8}") = "4.组合模式", "4.组合模式", "{C1C5418C-BAAB-453D-B08E-0091B3ABEB73}"
EndProject
Project("{2150E333-8FDC-42A3-9474-1A3956D46DE8}") = "5.外观模式", "5.外观模式", "{05E3F496-9EBE-4136-9237-9D55A804594E}"
EndProject
Project("{2150E333-8FDC-42A3-9474-1A3956D46DE8}") = "6.享元模式", "6.享元模式", "{0B00EB4B-85B9-4541-B059-12E2E4C8301F}"
EndProject
Project("{2150E333-8FDC-42A3-9474-1A3956D46DE8}") = "7.代理模式", "7.代理模式", "{5AF22BDA-2F5C-4E10-BBB0-89440248678D}"
EndProject
Project("{2150E333-8FDC-42A3-9474-1A3956D46DE8}") = "1.模板方法", "1.模板方法", "{DD9C142F-9892-486B-A7AE-ABDF0F77A78E}"
EndProject
Project("{2150E333-8FDC-42A3-9474-1A3956D46DE8}") = "2.命令模式", "2.命令模式", "{D3904FA0-8C1C-4917-9BC3-4403B860A376}"
EndProject
Project("{2150E333-8FDC-42A3-9474-1A3956D46DE8}") = "3.迭代器模式", "3.迭代器模式", "{D0307248-D7D8-4F7A-8051-20CA97AA5F87}"
EndProject
Project("{2150E333-8FDC-42A3-9474-1A3956D46DE8}") = "4.观察者模式", "4.观察者模式", "{42E0044C-5B16-4ED2-AA62-3BF06658D240}"
EndProject
Project("{2150E333-8FDC-42A3-9474-1A3956D46DE8}") = "5.解释器模式", "5.解释器模式", "{34536144-93EE-4E07-BA6D-165D045D00EA}"
EndProject
Project("{2150E333-8FDC-42A3-9474-1A3956D46DE8}") = "6.中介者模式", "6.中介者模式", "{AFEA75BF-FE07-400D-AB30-15E24F7FD77D}"
EndProject
Project("{2150E333-8FDC-42A3-9474-1A3956D46DE8}") = "7.职责链模式", "7.职责链模式", "{3CE45DD2-9A72-4825-B49A-CFA09199DC9C}"
EndProject
Project("{2150E333-8FDC-42A3-9474-1A3956D46DE8}") = "8.备忘录模式", "8.备忘录模式", "{68E3B2D3-2782-482E-A1E3-09CB979E0061}"
EndProject
Project("{2150E333-8FDC-42A3-9474-1A3956D46DE8}") = "9.策略模式", "9.策略模式", "{CE2B0F6F-C4A7-4030-9031-88DBE0863295}"
EndProject
Project("{2150E333-8FDC-42A3-9474-1A3956D46DE8}") = "X.访问者模式", "X.访问者模式", "{44D1D902-C3DD-4A8B-B053-A3DAF3448BC4}"
EndProject
Project("{2150E333-8FDC-42A3-9474-1A3956D46DE8}") = "XI.状态模式", "XI.状态模式", "{75B0F078-38FC-4E77-8ABE-23053C8FAF09}"
EndProject
Project("{9A19103F-16F7-4668-BE54-9A1E7A4F7556}") = "TemplateMethod", "3行为型\TemplateMethod\TemplateMethod.csproj", "{B795DAAB-FB17-4DBE-9DC6-5C2F76E59B39}"
EndProject
Project("{2150E333-8FDC-42A3-9474-1A3956D46DE8}") = "面向对象基础", "面向对象基础", "{5DFB0076-D1EA-40A5-99D4-8167DE28EF40}"
EndProject
Project("{FAE04EC0-301F-11D3-BF4B-00C04F79EFBC}") = "Basics", "面向对象基础\Basics\Basics.csproj", "{489A08C7-D6D9-4C87-9A6E-64C14F1B0103}"
EndProject
Global
	GlobalSection(SolutionConfigurationPlatforms) = preSolution
		Debug|Any CPU = Debug|Any CPU
		Release|Any CPU = Release|Any CPU
	EndGlobalSection
	GlobalSection(ProjectConfigurationPlatforms) = postSolution
		{B0EEEDC6-4B06-4908-9241-15C965ABC67C}.Debug|Any CPU.ActiveCfg = Debug|Any CPU
		{B0EEEDC6-4B06-4908-9241-15C965ABC67C}.Debug|Any CPU.Build.0 = Debug|Any CPU
		{B0EEEDC6-4B06-4908-9241-15C965ABC67C}.Release|Any CPU.ActiveCfg = Release|Any CPU
		{B0EEEDC6-4B06-4908-9241-15C965ABC67C}.Release|Any CPU.Build.0 = Release|Any CPU
		{DDADDFBA-3442-4C86-85D7-7EC35DCAE9B1}.Debug|Any CPU.ActiveCfg = Debug|Any CPU
		{DDADDFBA-3442-4C86-85D7-7EC35DCAE9B1}.Debug|Any CPU.Build.0 = Debug|Any CPU
		{DDADDFBA-3442-4C86-85D7-7EC35DCAE9B1}.Release|Any CPU.ActiveCfg = Release|Any CPU
		{DDADDFBA-3442-4C86-85D7-7EC35DCAE9B1}.Release|Any CPU.Build.0 = Release|Any CPU
		{5FA03B7D-F2F2-4589-A8B6-B4D389B61CEF}.Debug|Any CPU.ActiveCfg = Debug|Any CPU
		{5FA03B7D-F2F2-4589-A8B6-B4D389B61CEF}.Debug|Any CPU.Build.0 = Debug|Any CPU
		{5FA03B7D-F2F2-4589-A8B6-B4D389B61CEF}.Release|Any CPU.ActiveCfg = Release|Any CPU
		{5FA03B7D-F2F2-4589-A8B6-B4D389B61CEF}.Release|Any CPU.Build.0 = Release|Any CPU
		{382DA67B-848B-47E8-BB7E-E8210BFC59A5}.Debug|Any CPU.ActiveCfg = Debug|Any CPU
		{382DA67B-848B-47E8-BB7E-E8210BFC59A5}.Debug|Any CPU.Build.0 = Debug|Any CPU
		{382DA67B-848B-47E8-BB7E-E8210BFC59A5}.Release|Any CPU.ActiveCfg = Release|Any CPU
		{382DA67B-848B-47E8-BB7E-E8210BFC59A5}.Release|Any CPU.Build.0 = Release|Any CPU
		{B795DAAB-FB17-4DBE-9DC6-5C2F76E59B39}.Debug|Any CPU.ActiveCfg = Debug|Any CPU
		{B795DAAB-FB17-4DBE-9DC6-5C2F76E59B39}.Debug|Any CPU.Build.0 = Debug|Any CPU
		{B795DAAB-FB17-4DBE-9DC6-5C2F76E59B39}.Release|Any CPU.ActiveCfg = Release|Any CPU
		{B795DAAB-FB17-4DBE-9DC6-5C2F76E59B39}.Release|Any CPU.Build.0 = Release|Any CPU
		{489A08C7-D6D9-4C87-9A6E-64C14F1B0103}.Debug|Any CPU.ActiveCfg = Debug|Any CPU
		{489A08C7-D6D9-4C87-9A6E-64C14F1B0103}.Debug|Any CPU.Build.0 = Debug|Any CPU
		{489A08C7-D6D9-4C87-9A6E-64C14F1B0103}.Release|Any CPU.ActiveCfg = Release|Any CPU
		{489A08C7-D6D9-4C87-9A6E-64C14F1B0103}.Release|Any CPU.Build.0 = Release|Any CPU
	EndGlobalSection
	GlobalSection(SolutionProperties) = preSolution
		HideSolutionNode = FALSE
	EndGlobalSection
	GlobalSection(NestedProjects) = preSolution
		{FE07D225-4D37-44AE-9EAB-03C9C4C6C1E4} = {482C8495-9CBE-45F6-AE94-382658051E5B}
		{D17A7F74-DBC9-4F4C-8BEA-DA50571F39AC} = {482C8495-9CBE-45F6-AE94-382658051E5B}
		{CD326E5A-310D-42BD-88F5-05E0D80B4145} = {482C8495-9CBE-45F6-AE94-382658051E5B}
		{5C0FFC13-1171-4F71-8BF5-E93675AA1F01} = {482C8495-9CBE-45F6-AE94-382658051E5B}
		{CEA04251-972D-45C4-B29D-618F504A952D} = {482C8495-9CBE-45F6-AE94-382658051E5B}
		{539B0253-C895-470B-B4E2-853F4C59BDD0} = {482C8495-9CBE-45F6-AE94-382658051E5B}
		{B0EEEDC6-4B06-4908-9241-15C965ABC67C} = {FE07D225-4D37-44AE-9EAB-03C9C4C6C1E4}
		{DDADDFBA-3442-4C86-85D7-7EC35DCAE9B1} = {D17A7F74-DBC9-4F4C-8BEA-DA50571F39AC}
		{5FA03B7D-F2F2-4589-A8B6-B4D389B61CEF} = {CD326E5A-310D-42BD-88F5-05E0D80B4145}
		{C5336A52-095F-43A0-9AC2-FEA8BE0A44C9} = {5504199A-6EDD-4676-8FB4-2F97312DCDC0}
		{382DA67B-848B-47E8-BB7E-E8210BFC59A5} = {C5336A52-095F-43A0-9AC2-FEA8BE0A44C9}
		{8B1B5438-E705-4BB3-8819-AF4A6DF793A8} = {5504199A-6EDD-4676-8FB4-2F97312DCDC0}
		{BD0F0666-5D8D-4683-A442-8D29E76807C4} = {5504199A-6EDD-4676-8FB4-2F97312DCDC0}
		{C1C5418C-BAAB-453D-B08E-0091B3ABEB73} = {5504199A-6EDD-4676-8FB4-2F97312DCDC0}
		{05E3F496-9EBE-4136-9237-9D55A804594E} = {5504199A-6EDD-4676-8FB4-2F97312DCDC0}
		{0B00EB4B-85B9-4541-B059-12E2E4C8301F} = {5504199A-6EDD-4676-8FB4-2F97312DCDC0}
		{5AF22BDA-2F5C-4E10-BBB0-89440248678D} = {5504199A-6EDD-4676-8FB4-2F97312DCDC0}
		{DD9C142F-9892-486B-A7AE-ABDF0F77A78E} = {07829898-6E27-4126-A8F9-5A08682E568E}
		{D3904FA0-8C1C-4917-9BC3-4403B860A376} = {07829898-6E27-4126-A8F9-5A08682E568E}
		{D0307248-D7D8-4F7A-8051-20CA97AA5F87} = {07829898-6E27-4126-A8F9-5A08682E568E}
		{42E0044C-5B16-4ED2-AA62-3BF06658D240} = {07829898-6E27-4126-A8F9-5A08682E568E}
		{34536144-93EE-4E07-BA6D-165D045D00EA} = {07829898-6E27-4126-A8F9-5A08682E568E}
		{AFEA75BF-FE07-400D-AB30-15E24F7FD77D} = {07829898-6E27-4126-A8F9-5A08682E568E}
		{3CE45DD2-9A72-4825-B49A-CFA09199DC9C} = {07829898-6E27-4126-A8F9-5A08682E568E}
		{68E3B2D3-2782-482E-A1E3-09CB979E0061} = {07829898-6E27-4126-A8F9-5A08682E568E}
		{CE2B0F6F-C4A7-4030-9031-88DBE0863295} = {07829898-6E27-4126-A8F9-5A08682E568E}
		{44D1D902-C3DD-4A8B-B053-A3DAF3448BC4} = {07829898-6E27-4126-A8F9-5A08682E568E}
		{75B0F078-38FC-4E77-8ABE-23053C8FAF09} = {07829898-6E27-4126-A8F9-5A08682E568E}
		{B795DAAB-FB17-4DBE-9DC6-5C2F76E59B39} = {DD9C142F-9892-486B-A7AE-ABDF0F77A78E}
		{489A08C7-D6D9-4C87-9A6E-64C14F1B0103} = {5DFB0076-D1EA-40A5-99D4-8167DE28EF40}
	EndGlobalSection
	GlobalSection(ExtensibilityGlobals) = postSolution
		SolutionGuid = {0AE62357-835F-4A8B-BB6F-625D24BA1604}
	EndGlobalSection
EndGlobal
